
Microsoft Visual Studio Solution File, Format Version 12.00
# Visual Studio Version 17
VisualStudioVersion = 17.5.33516.290
MinimumVisualStudioVersion = 10.0.40219.1
Project("{9A19103F-16F7-4668-BE54-9A1E7A4F7556}") = "GroupProject_PRN231_NET1606_TRY_eJournal", "GroupProject_PRN231_NET1606_TRY_eJournal\GroupProject_PRN231_NET1606_TRY_eJournal.csproj", "{DD27B1D6-F641-4FE7-ACF0-923D116DEB80}"
EndProject
Project("{2150E333-8FDC-42A3-9474-1A3956D46DE8}") = "BusinessLayer", "BusinessLayer", "{D9F00161-EA78-4FED-B9C4-852BD08EFBB1}"
EndProject
Project("{2150E333-8FDC-42A3-9474-1A3956D46DE8}") = "DataLayer", "DataLayer", "{CE41E970-DA96-45E6-8C6A-C7CDE103C0FF}"
EndProject
Project("{2150E333-8FDC-42A3-9474-1A3956D46DE8}") = "PresentationLayer", "PresentationLayer", "{227DD01C-6E9D-49F8-8A49-AD4937773092}"
EndProject
Project("{2150E333-8FDC-42A3-9474-1A3956D46DE8}") = "WebClient", "WebClient", "{624F97ED-42B1-4A8F-9185-37D51B6DC4D3}"
EndProject
Project("{9A19103F-16F7-4668-BE54-9A1E7A4F7556}") = "Application", "DataAccess\Application.csproj", "{1AA9C32A-1D68-486A-965B-3F1479D3CBCA}"
EndProject
Project("{9A19103F-16F7-4668-BE54-9A1E7A4F7556}") = "BusinessObject", "BusinessObject\BusinessObject.csproj", "{6854D0AB-1213-41F3-842F-B491FFDFA7DF}"
EndProject
Project("{9A19103F-16F7-4668-BE54-9A1E7A4F7556}") = "eJournal_WebClient", "eJournal_WebClient\eJournal_WebClient.csproj", "{D0E17860-28EA-4235-8C5D-F92DAA658F2E}"
EndProject
Project("{9A19103F-16F7-4668-BE54-9A1E7A4F7556}") = "Infrastructure", "Infrastructure\Infrastructure.csproj", "{E9B0EB85-6F22-497B-A8AE-C8E937E8CB9A}"
EndProject
Project("{2150E333-8FDC-42A3-9474-1A3956D46DE8}") = "gRPCDataAccess", "gRPCDataAccess", "{DB199C2B-DE9E-4EF4-B640-AF98F12F3897}"
EndProject
Project("{9A19103F-16F7-4668-BE54-9A1E7A4F7556}") = "GrpcService", "GrpcService\GrpcService.csproj", "{A0390706-F606-4478-A0E0-89CCD1C8C8DC}"
EndProject
Project("{2150E333-8FDC-42A3-9474-1A3956D46DE8}") = "DbFrist", "DbFrist", "{6C76446C-BF91-476B-919B-887847483F5E}"
EndProject
Project("{FAE04EC0-301F-11D3-BF4B-00C04F79EFBC}") = "EJournalDBFirst", "EJournalDBFirst\EJournalDBFirst.csproj", "{4EEF9334-6FAB-4158-BD21-E1AE0046231C}"
EndProject
Global
	GlobalSection(SolutionConfigurationPlatforms) = preSolution
		Debug|Any CPU = Debug|Any CPU
		Release|Any CPU = Release|Any CPU
	EndGlobalSection
	GlobalSection(ProjectConfigurationPlatforms) = postSolution
		{DD27B1D6-F641-4FE7-ACF0-923D116DEB80}.Debug|Any CPU.ActiveCfg = Debug|Any CPU
		{DD27B1D6-F641-4FE7-ACF0-923D116DEB80}.Debug|Any CPU.Build.0 = Debug|Any CPU
		{DD27B1D6-F641-4FE7-ACF0-923D116DEB80}.Release|Any CPU.ActiveCfg = Release|Any CPU
		{DD27B1D6-F641-4FE7-ACF0-923D116DEB80}.Release|Any CPU.Build.0 = Release|Any CPU
		{1AA9C32A-1D68-486A-965B-3F1479D3CBCA}.Debug|Any CPU.ActiveCfg = Debug|Any CPU
		{1AA9C32A-1D68-486A-965B-3F1479D3CBCA}.Debug|Any CPU.Build.0 = Debug|Any CPU
		{1AA9C32A-1D68-486A-965B-3F1479D3CBCA}.Release|Any CPU.ActiveCfg = Release|Any CPU
		{1AA9C32A-1D68-486A-965B-3F1479D3CBCA}.Release|Any CPU.Build.0 = Release|Any CPU
		{6854D0AB-1213-41F3-842F-B491FFDFA7DF}.Debug|Any CPU.ActiveCfg = Debug|Any CPU
		{6854D0AB-1213-41F3-842F-B491FFDFA7DF}.Debug|Any CPU.Build.0 = Debug|Any CPU
		{6854D0AB-1213-41F3-842F-B491FFDFA7DF}.Release|Any CPU.ActiveCfg = Release|Any CPU
		{6854D0AB-1213-41F3-842F-B491FFDFA7DF}.Release|Any CPU.Build.0 = Release|Any CPU
		{D0E17860-28EA-4235-8C5D-F92DAA658F2E}.Debug|Any CPU.ActiveCfg = Debug|Any CPU
		{D0E17860-28EA-4235-8C5D-F92DAA658F2E}.Debug|Any CPU.Build.0 = Debug|Any CPU
		{D0E17860-28EA-4235-8C5D-F92DAA658F2E}.Release|Any CPU.ActiveCfg = Release|Any CPU
		{D0E17860-28EA-4235-8C5D-F92DAA658F2E}.Release|Any CPU.Build.0 = Release|Any CPU
		{E9B0EB85-6F22-497B-A8AE-C8E937E8CB9A}.Debug|Any CPU.ActiveCfg = Debug|Any CPU
		{E9B0EB85-6F22-497B-A8AE-C8E937E8CB9A}.Debug|Any CPU.Build.0 = Debug|Any CPU
		{E9B0EB85-6F22-497B-A8AE-C8E937E8CB9A}.Release|Any CPU.ActiveCfg = Release|Any CPU
		{E9B0EB85-6F22-497B-A8AE-C8E937E8CB9A}.Release|Any CPU.Build.0 = Release|Any CPU
		{A0390706-F606-4478-A0E0-89CCD1C8C8DC}.Debug|Any CPU.ActiveCfg = Debug|Any CPU
		{A0390706-F606-4478-A0E0-89CCD1C8C8DC}.Debug|Any CPU.Build.0 = Debug|Any CPU
		{A0390706-F606-4478-A0E0-89CCD1C8C8DC}.Release|Any CPU.ActiveCfg = Release|Any CPU
		{A0390706-F606-4478-A0E0-89CCD1C8C8DC}.Release|Any CPU.Build.0 = Release|Any CPU
		{4EEF9334-6FAB-4158-BD21-E1AE0046231C}.Debug|Any CPU.ActiveCfg = Debug|Any CPU
		{4EEF9334-6FAB-4158-BD21-E1AE0046231C}.Debug|Any CPU.Build.0 = Debug|Any CPU
		{4EEF9334-6FAB-4158-BD21-E1AE0046231C}.Release|Any CPU.ActiveCfg = Release|Any CPU
		{4EEF9334-6FAB-4158-BD21-E1AE0046231C}.Release|Any CPU.Build.0 = Release|Any CPU
	EndGlobalSection
	GlobalSection(SolutionProperties) = preSolution
		HideSolutionNode = FALSE
	EndGlobalSection
	GlobalSection(NestedProjects) = preSolution
		{DD27B1D6-F641-4FE7-ACF0-923D116DEB80} = {227DD01C-6E9D-49F8-8A49-AD4937773092}
		{1AA9C32A-1D68-486A-965B-3F1479D3CBCA} = {CE41E970-DA96-45E6-8C6A-C7CDE103C0FF}
		{6854D0AB-1213-41F3-842F-B491FFDFA7DF} = {D9F00161-EA78-4FED-B9C4-852BD08EFBB1}
		{D0E17860-28EA-4235-8C5D-F92DAA658F2E} = {624F97ED-42B1-4A8F-9185-37D51B6DC4D3}
		{E9B0EB85-6F22-497B-A8AE-C8E937E8CB9A} = {CE41E970-DA96-45E6-8C6A-C7CDE103C0FF}
		{A0390706-F606-4478-A0E0-89CCD1C8C8DC} = {DB199C2B-DE9E-4EF4-B640-AF98F12F3897}
		{4EEF9334-6FAB-4158-BD21-E1AE0046231C} = {6C76446C-BF91-476B-919B-887847483F5E}
	EndGlobalSection
	GlobalSection(ExtensibilityGlobals) = postSolution
		SolutionGuid = {2351A4B0-E218-4215-9D60-313FC2800C44}
	EndGlobalSection
EndGlobal
